
Microsoft Visual Studio Solution File, Format Version 12.00
# Visual Studio Version 17
VisualStudioVersion = 17.8.34511.84
MinimumVisualStudioVersion = 10.0.40219.1
Project("{FAE04EC0-301F-11D3-BF4B-00C04F79EFBC}") = "CGIAssignment", "CGIAssignment\CGIAssignment.csproj", "{7D182D0B-116E-4733-B122-01AB910FCB07}"
EndProject
Global
	GlobalSection(SolutionConfigurationPlatforms) = preSolution
		Debug|Any CPU = Debug|Any CPU
		Release|Any CPU = Release|Any CPU
	EndGlobalSection
	GlobalSection(ProjectConfigurationPlatforms) = postSolution
		{7D182D0B-116E-4733-B122-01AB910FCB07}.Debug|Any CPU.ActiveCfg = Debug|Any CPU
		{7D182D0B-116E-4733-B122-01AB910FCB07}.Debug|Any CPU.Build.0 = Debug|Any CPU
		{7D182D0B-116E-4733-B122-01AB910FCB07}.Release|Any CPU.ActiveCfg = Release|Any CPU
		{7D182D0B-116E-4733-B122-01AB910FCB07}.Release|Any CPU.Build.0 = Release|Any CPU
	EndGlobalSection
	GlobalSection(SolutionProperties) = preSolution
		HideSolutionNode = FALSE
	EndGlobalSection
	GlobalSection(ExtensibilityGlobals) = postSolution
		SolutionGuid = {0236CD1A-E8B0-459E-948C-3E03A659F5D7}
	EndGlobalSection
EndGlobal
